
Microsoft Visual Studio Solution File, Format Version 12.00
# Visual Studio Version 17
VisualStudioVersion = 17.5.002.0
MinimumVisualStudioVersion = 10.0.40219.1
Project("{9A19103F-16F7-4668-BE54-9A1E7A4F7556}") = "MyDotNetAPIProject", "MyDotNetAPIProject.csproj", "{5A453008-BCB0-4AC2-A97C-89FBDFDCA27A}"
EndProject
Global
	GlobalSection(SolutionConfigurationPlatforms) = preSolution
		Debug|Any CPU = Debug|Any CPU
		Release|Any CPU = Release|Any CPU
	EndGlobalSection
	GlobalSection(ProjectConfigurationPlatforms) = postSolution
		{5A453008-BCB0-4AC2-A97C-89FBDFDCA27A}.Debug|Any CPU.ActiveCfg = Debug|Any CPU
		{5A453008-BCB0-4AC2-A97C-89FBDFDCA27A}.Debug|Any CPU.Build.0 = Debug|Any CPU
		{5A453008-BCB0-4AC2-A97C-89FBDFDCA27A}.Release|Any CPU.ActiveCfg = Release|Any CPU
		{5A453008-BCB0-4AC2-A97C-89FBDFDCA27A}.Release|Any CPU.Build.0 = Release|Any CPU
	EndGlobalSection
	GlobalSection(SolutionProperties) = preSolution
		HideSolutionNode = FALSE
	EndGlobalSection
	GlobalSection(ExtensibilityGlobals) = postSolution
		SolutionGuid = {797EFB3C-24EC-4CA2-9CAF-E5FFA068AE5B}
	EndGlobalSection
EndGlobal
